<?xml version="1.0" encoding="utf-8"?>
<Project ToolsVersion="4.0" xmlns="http://schemas.microsoft.com/developer/msbuild/2003">
  <ItemGroup>
    <Filter Include="Smongine">
      <UniqueIdentifier>{A59A84E6-9167-DFF1-BA80-CD99A6AC1480}</UniqueIdentifier>
    </Filter>
    <Filter Include="Smongine\Core">
      <UniqueIdentifier>{1D2ED157-89EE-4C8E-5229-960BBEA8916A}</UniqueIdentifier>
    </Filter>
    <Filter Include="Smongine\Events">
      <UniqueIdentifier>{E93AF795-55C6-645A-5ED7-E74ECAE1C05A}</UniqueIdentifier>
    </Filter>
    <Filter Include="Smongine\ImGui">
      <UniqueIdentifier>{8FB76152-7B85-5558-6419-C67E508631BD}</UniqueIdentifier>
    </Filter>
    <Filter Include="Smongine\Platform">
      <UniqueIdentifier>{99A0CF0C-05B7-CDA2-4E2E-59C4BA839E2A}</UniqueIdentifier>
    </Filter>
    <Filter Include="Smongine\Platform\OpenGL">
      <UniqueIdentifier>{AD83B0E8-99A8-FF68-C2F3-E4F8AE77FE86}</UniqueIdentifier>
    </Filter>
    <Filter Include="Smongine\Platform\Windows">
      <UniqueIdentifier>{D3D3DC56-3F96-10E1-8846-9F6DF447E9BE}</UniqueIdentifier>
    </Filter>
    <Filter Include="Smongine\Renderer">
      <UniqueIdentifier>{EBA7ACE7-57BE-AA7D-A035-369F0C8B7B05}</UniqueIdentifier>
    </Filter>
    <Filter Include="Smongine\Util">
      <UniqueIdentifier>{1221DB57-7EE1-568E-471C-A00BB39B9B6A}</UniqueIdentifier>
    </Filter>
  </ItemGroup>
  <ItemGroup>
    <ClInclude Include="src\Smongine.h" />
    <ClInclude Include="src\Smongine\Core\App.h">
      <Filter>Smongine\Core</Filter>
    </ClInclude>
    <ClInclude Include="src\Smongine\Core\Core.h">
      <Filter>Smongine\Core</Filter>
    </ClInclude>
    <ClInclude Include="src\Smongine\Core\EntryPoint.h">
      <Filter>Smongine\Core</Filter>
    </ClInclude>
    <ClInclude Include="src\Smongine\Core\Input.h">
      <Filter>Smongine\Core</Filter>
    </ClInclude>
    <ClInclude Include="src\Smongine\Core\KeyCodes.h">
      <Filter>Smongine\Core</Filter>
    </ClInclude>
    <ClInclude Include="src\Smongine\Core\Layer.h">
      <Filter>Smongine\Core</Filter>
    </ClInclude>
    <ClInclude Include="src\Smongine\Core\LayerStack.h">
      <Filter>Smongine\Core</Filter>
    </ClInclude>
    <ClInclude Include="src\Smongine\Core\Log.h">
      <Filter>Smongine\Core</Filter>
    </ClInclude>
    <ClInclude Include="src\Smongine\Core\Window.h">
      <Filter>Smongine\Core</Filter>
    </ClInclude>
    <ClInclude Include="src\Smongine\Events\AppEvent.h">
      <Filter>Smongine\Events</Filter>
    </ClInclude>
    <ClInclude Include="src\Smongine\Events\Event.h">
      <Filter>Smongine\Events</Filter>
    </ClInclude>
    <ClInclude Include="src\Smongine\Events\KeyEvent.h">
      <Filter>Smongine\Events</Filter>
    </ClInclude>
    <ClInclude Include="src\Smongine\Events\MouseEvent.h">
      <Filter>Smongine\Events</Filter>
    </ClInclude>
    <ClInclude Include="src\Smongine\ImGui\ImGuiLayer.h">
      <Filter>Smongine\ImGui</Filter>
    </ClInclude>
    <ClInclude Include="src\Smongine\Platform\OpenGL\ImGuiOpenGLRenderer.h">
      <Filter>Smongine\Platform\OpenGL</Filter>
    </ClInclude>
    <ClInclude Include="src\Smongine\Platform\Windows\WinWindow.h">
      <Filter>Smongine\Platform\Windows</Filter>
    </ClInclude>
    <ClInclude Include="src\Smongine\Renderer\Mesh.h">
      <Filter>Smongine\Renderer</Filter>
    </ClInclude>
    <ClInclude Include="src\Smongine\Renderer\Renderer.h">
      <Filter>Smongine\Renderer</Filter>
    </ClInclude>
    <ClInclude Include="src\Smongine\Renderer\Shader.h">
      <Filter>Smongine\Renderer</Filter>
    </ClInclude>
    <ClInclude Include="src\Smongine\Renderer\Texture.h">
      <Filter>Smongine\Renderer</Filter>
    </ClInclude>
    <ClInclude Include="src\Smongine\Util\FileUtil.h">
      <Filter>Smongine\Util</Filter>
    </ClInclude>
    <ClInclude Include="src\smpch.h" />
    <ClInclude Include="src\Smongine\Renderer\Transformation.h" />
    <ClInclude Include="src\Smongine\Renderer\Camera.h" />
    <ClInclude Include="src\Smongine\Renderer\Object3D.h" />
  </ItemGroup>
  <ItemGroup>
    <ClCompile Include="src\Smongine\Core\App.cpp">
      <Filter>Smongine\Core</Filter>
    </ClCompile>
    <ClCompile Include="src\Smongine\Core\Layer.cpp">
      <Filter>Smongine\Core</Filter>
    </ClCompile>
    <ClCompile Include="src\Smongine\Core\LayerStack.cpp">
      <Filter>Smongine\Core</Filter>
    </ClCompile>
    <ClCompile Include="src\Smongine\Core\Log.cpp">
      <Filter>Smongine\Core</Filter>
    </ClCompile>
    <ClCompile Include="src\Smongine\ImGui\ImGuiLayer.cpp">
      <Filter>Smongine\ImGui</Filter>
    </ClCompile>
    <ClCompile Include="src\Smongine\Platform\OpenGL\ImGuiOpenGLRenderer.cpp">
      <Filter>Smongine\Platform\OpenGL</Filter>
    </ClCompile>
    <ClCompile Include="src\Smongine\Platform\Windows\WinInput.cpp">
      <Filter>Smongine\Platform\Windows</Filter>
    </ClCompile>
    <ClCompile Include="src\Smongine\Platform\Windows\WinWindow.cpp">
      <Filter>Smongine\Platform\Windows</Filter>
    </ClCompile>
    <ClCompile Include="src\Smongine\Renderer\Mesh.cpp">
      <Filter>Smongine\Renderer</Filter>
    </ClCompile>
    <ClCompile Include="src\Smongine\Renderer\Renderer.cpp">
      <Filter>Smongine\Renderer</Filter>
    </ClCompile>
    <ClCompile Include="src\Smongine\Renderer\Shader.cpp">
      <Filter>Smongine\Renderer</Filter>
    </ClCompile>
    <ClCompile Include="src\Smongine\Renderer\Texture.cpp">
      <Filter>Smongine\Renderer</Filter>
    </ClCompile>
    <ClCompile Include="src\Smongine\Util\FileUtil.cpp">
      <Filter>Smongine\Util</Filter>
    </ClCompile>
    <ClCompile Include="src\smpch.cpp" />
    <ClCompile Include="vendor\stb_image\stb_image.cpp" />
    <ClCompile Include="src\Smongine\Renderer\Transformation.cpp" />
    <ClCompile Include="src\Smongine\Renderer\Camera.cpp" />
  </ItemGroup>
  <ItemGroup>
    <None Include="src\Smongine\shader.frag" />
    <None Include="src\Smongine\shader.vert" />
  </ItemGroup>
</Project>