<?xml version="1.0" encoding="utf-8"?>
<Project ToolsVersion="4.0" xmlns="http://schemas.microsoft.com/developer/msbuild/2003">
  <ItemGroup>
    <Filter Include="Smongine">
      <UniqueIdentifier>{A59A84E6-9167-DFF1-BA80-CD99A6AC1480}</UniqueIdentifier>
    </Filter>
    <Filter Include="Smongine\Events">
      <UniqueIdentifier>{E93AF795-55C6-645A-5ED7-E74ECAE1C05A}</UniqueIdentifier>
    </Filter>
    <Filter Include="Smongine\Platform">
      <UniqueIdentifier>{99A0CF0C-05B7-CDA2-4E2E-59C4BA839E2A}</UniqueIdentifier>
    </Filter>
    <Filter Include="Smongine\Platform\Windows">
      <UniqueIdentifier>{D3D3DC56-3F96-10E1-8846-9F6DF447E9BE}</UniqueIdentifier>
    </Filter>
  </ItemGroup>
  <ItemGroup>
    <ClInclude Include="src\Smongine.h" />
    <ClInclude Include="src\Smongine\App.h">
      <Filter>Smongine</Filter>
    </ClInclude>
    <ClInclude Include="src\Smongine\Core.h">
      <Filter>Smongine</Filter>
    </ClInclude>
    <ClInclude Include="src\Smongine\EntryPoint.h">
      <Filter>Smongine</Filter>
    </ClInclude>
    <ClInclude Include="src\Smongine\Events\AppEvent.h">
      <Filter>Smongine\Events</Filter>
    </ClInclude>
    <ClInclude Include="src\Smongine\Events\Event.h">
      <Filter>Smongine\Events</Filter>
    </ClInclude>
    <ClInclude Include="src\Smongine\Events\KeyEvent.h">
      <Filter>Smongine\Events</Filter>
    </ClInclude>
    <ClInclude Include="src\Smongine\Events\MouseEvent.h">
      <Filter>Smongine\Events</Filter>
    </ClInclude>
    <ClInclude Include="src\Smongine\Log.h">
      <Filter>Smongine</Filter>
    </ClInclude>
    <ClInclude Include="src\Smongine\Platform\Windows\WinWindow.h">
      <Filter>Smongine\Platform\Windows</Filter>
    </ClInclude>
    <ClInclude Include="src\Smongine\Window.h">
      <Filter>Smongine</Filter>
    </ClInclude>
    <ClInclude Include="src\smpch.h" />
  </ItemGroup>
  <ItemGroup>
    <ClCompile Include="src\Smongine\App.cpp">
      <Filter>Smongine</Filter>
    </ClCompile>
    <ClCompile Include="src\Smongine\Log.cpp">
      <Filter>Smongine</Filter>
    </ClCompile>
    <ClCompile Include="src\Smongine\Platform\Windows\WinWindow.cpp">
      <Filter>Smongine\Platform\Windows</Filter>
    </ClCompile>
    <ClCompile Include="src\smpch.cpp" />
  </ItemGroup>
</Project>