<?xml version="1.0" encoding="utf-8"?>
<Project ToolsVersion="4.0" xmlns="http://schemas.microsoft.com/developer/msbuild/2003">
  <ItemGroup>
    <Filter Include="src">
      <UniqueIdentifier>{2DAB880B-99B4-887C-2230-9F7C8E38947C}</UniqueIdentifier>
    </Filter>
    <Filter Include="src\Smongine">
      <UniqueIdentifier>{9C9DFE16-8800-8EBB-3186-C6711DC8593E}</UniqueIdentifier>
    </Filter>
    <Filter Include="src\Smongine\Components">
      <UniqueIdentifier>{3149FC6D-9D80-4405-A68A-A82812416BFE}</UniqueIdentifier>
    </Filter>
    <Filter Include="src\Smongine\Core">
      <UniqueIdentifier>{74A306CF-E0B9-0465-2931-90869586D5EC}</UniqueIdentifier>
    </Filter>
    <Filter Include="src\Smongine\Events">
      <UniqueIdentifier>{00625FB0-6CC3-3CBE-F530-83706191737D}</UniqueIdentifier>
    </Filter>
    <Filter Include="src\Smongine\Platform">
      <UniqueIdentifier>{70E9DD61-DC55-995C-A549-31BA1175BBC4}</UniqueIdentifier>
    </Filter>
    <Filter Include="src\Smongine\Platform\Windows">
      <UniqueIdentifier>{AA0336AE-161C-1DD8-DFC8-AC714BA0B171}</UniqueIdentifier>
    </Filter>
    <Filter Include="src\Smongine\Renderer">
      <UniqueIdentifier>{C2F0BA3C-2E5D-7637-F750-0E95637C989F}</UniqueIdentifier>
    </Filter>
    <Filter Include="src\Smongine\Util">
      <UniqueIdentifier>{699610CF-D5AC-0E65-1E24-9A868A79DFEC}</UniqueIdentifier>
    </Filter>
    <Filter Include="vendor">
      <UniqueIdentifier>{B3738122-9F15-ACF8-88D0-BF4C74113349}</UniqueIdentifier>
    </Filter>
    <Filter Include="vendor\stb_image">
      <UniqueIdentifier>{0DA0BA59-F998-D9AB-22CB-BE300E23B9B7}</UniqueIdentifier>
    </Filter>
    <Filter Include="vendor\tinyobjloader">
      <UniqueIdentifier>{386CC32A-24FB-4CF4-CD19-61EFB9875D9A}</UniqueIdentifier>
    </Filter>
  </ItemGroup>
  <ItemGroup>
    <ClInclude Include="src\Smongine.h">
      <Filter>src</Filter>
    </ClInclude>
    <ClInclude Include="src\Smongine\Components\ComponentManager.h">
      <Filter>src\Smongine\Components</Filter>
    </ClInclude>
    <ClInclude Include="src\Smongine\Components\Components.h">
      <Filter>src\Smongine\Components</Filter>
    </ClInclude>
    <ClInclude Include="src\Smongine\Components\Entity.h">
      <Filter>src\Smongine\Components</Filter>
    </ClInclude>
    <ClInclude Include="src\Smongine\Components\EntityComponentSystem.h">
      <Filter>src\Smongine\Components</Filter>
    </ClInclude>
    <ClInclude Include="src\Smongine\Components\EntityManager.h">
      <Filter>src\Smongine\Components</Filter>
    </ClInclude>
    <ClInclude Include="src\Smongine\Components\Scene.h">
      <Filter>src\Smongine\Components</Filter>
    </ClInclude>
    <ClInclude Include="src\Smongine\Components\System.h">
      <Filter>src\Smongine\Components</Filter>
    </ClInclude>
    <ClInclude Include="src\Smongine\Components\SystemManager.h">
      <Filter>src\Smongine\Components</Filter>
    </ClInclude>
    <ClInclude Include="src\Smongine\Core\App.h">
      <Filter>src\Smongine\Core</Filter>
    </ClInclude>
    <ClInclude Include="src\Smongine\Core\Core.h">
      <Filter>src\Smongine\Core</Filter>
    </ClInclude>
    <ClInclude Include="src\Smongine\Core\EntryPoint.h">
      <Filter>src\Smongine\Core</Filter>
    </ClInclude>
    <ClInclude Include="src\Smongine\Core\Input.h">
      <Filter>src\Smongine\Core</Filter>
    </ClInclude>
    <ClInclude Include="src\Smongine\Core\KeyCodes.h">
      <Filter>src\Smongine\Core</Filter>
    </ClInclude>
    <ClInclude Include="src\Smongine\Core\Layer.h">
      <Filter>src\Smongine\Core</Filter>
    </ClInclude>
    <ClInclude Include="src\Smongine\Core\LayerStack.h">
      <Filter>src\Smongine\Core</Filter>
    </ClInclude>
    <ClInclude Include="src\Smongine\Core\Log.h">
      <Filter>src\Smongine\Core</Filter>
    </ClInclude>
    <ClInclude Include="src\Smongine\Core\MouseBtnCodes.h">
      <Filter>src\Smongine\Core</Filter>
    </ClInclude>
    <ClInclude Include="src\Smongine\Core\Timer.h">
      <Filter>src\Smongine\Core</Filter>
    </ClInclude>
    <ClInclude Include="src\Smongine\Core\Window.h">
      <Filter>src\Smongine\Core</Filter>
    </ClInclude>
    <ClInclude Include="src\Smongine\Events\AppEvent.h">
      <Filter>src\Smongine\Events</Filter>
    </ClInclude>
    <ClInclude Include="src\Smongine\Events\Event.h">
      <Filter>src\Smongine\Events</Filter>
    </ClInclude>
    <ClInclude Include="src\Smongine\Events\KeyEvent.h">
      <Filter>src\Smongine\Events</Filter>
    </ClInclude>
    <ClInclude Include="src\Smongine\Events\MouseEvent.h">
      <Filter>src\Smongine\Events</Filter>
    </ClInclude>
    <ClInclude Include="src\Smongine\Platform\Windows\WinWindow.h">
      <Filter>src\Smongine\Platform\Windows</Filter>
    </ClInclude>
    <ClInclude Include="src\Smongine\Renderer\Material.h">
      <Filter>src\Smongine\Renderer</Filter>
    </ClInclude>
    <ClInclude Include="src\Smongine\Renderer\Mesh.h">
      <Filter>src\Smongine\Renderer</Filter>
    </ClInclude>
    <ClInclude Include="src\Smongine\Renderer\Renderer.h">
      <Filter>src\Smongine\Renderer</Filter>
    </ClInclude>
    <ClInclude Include="src\Smongine\Renderer\Shader.h">
      <Filter>src\Smongine\Renderer</Filter>
    </ClInclude>
    <ClInclude Include="src\Smongine\Renderer\StaticShader.h">
      <Filter>src\Smongine\Renderer</Filter>
    </ClInclude>
    <ClInclude Include="src\Smongine\Renderer\Texture.h">
      <Filter>src\Smongine\Renderer</Filter>
    </ClInclude>
    <ClInclude Include="src\Smongine\Util\FileUtil.h">
      <Filter>src\Smongine\Util</Filter>
    </ClInclude>
    <ClInclude Include="src\Smongine\Util\ModelLoader.h">
      <Filter>src\Smongine\Util</Filter>
    </ClInclude>
    <ClInclude Include="src\smpch.h">
      <Filter>src</Filter>
    </ClInclude>
    <ClInclude Include="vendor\stb_image\stb_image.h">
      <Filter>vendor\stb_image</Filter>
    </ClInclude>
    <ClInclude Include="vendor\tinyobjloader\tiny_obj_loader.h">
      <Filter>vendor\tinyobjloader</Filter>
    </ClInclude>
  </ItemGroup>
  <ItemGroup>
    <ClCompile Include="src\Smongine\Components\Scene.cpp">
      <Filter>src\Smongine\Components</Filter>
    </ClCompile>
    <ClCompile Include="src\Smongine\Components\System.cpp">
      <Filter>src\Smongine\Components</Filter>
    </ClCompile>
    <ClCompile Include="src\Smongine\Core\App.cpp">
      <Filter>src\Smongine\Core</Filter>
    </ClCompile>
    <ClCompile Include="src\Smongine\Core\Layer.cpp">
      <Filter>src\Smongine\Core</Filter>
    </ClCompile>
    <ClCompile Include="src\Smongine\Core\LayerStack.cpp">
      <Filter>src\Smongine\Core</Filter>
    </ClCompile>
    <ClCompile Include="src\Smongine\Core\Log.cpp">
      <Filter>src\Smongine\Core</Filter>
    </ClCompile>
    <ClCompile Include="src\Smongine\Platform\Windows\WinInput.cpp">
      <Filter>src\Smongine\Platform\Windows</Filter>
    </ClCompile>
    <ClCompile Include="src\Smongine\Platform\Windows\WinWindow.cpp">
      <Filter>src\Smongine\Platform\Windows</Filter>
    </ClCompile>
    <ClCompile Include="src\Smongine\Renderer\Mesh.cpp">
      <Filter>src\Smongine\Renderer</Filter>
    </ClCompile>
    <ClCompile Include="src\Smongine\Renderer\Renderer.cpp">
      <Filter>src\Smongine\Renderer</Filter>
    </ClCompile>
    <ClCompile Include="src\Smongine\Renderer\Shader.cpp">
      <Filter>src\Smongine\Renderer</Filter>
    </ClCompile>
    <ClCompile Include="src\Smongine\Renderer\StaticShader.cpp">
      <Filter>src\Smongine\Renderer</Filter>
    </ClCompile>
    <ClCompile Include="src\Smongine\Renderer\Texture.cpp">
      <Filter>src\Smongine\Renderer</Filter>
    </ClCompile>
    <ClCompile Include="src\Smongine\Util\FileUtil.cpp">
      <Filter>src\Smongine\Util</Filter>
    </ClCompile>
    <ClCompile Include="src\Smongine\Util\ModelLoader.cpp">
      <Filter>src\Smongine\Util</Filter>
    </ClCompile>
    <ClCompile Include="src\smpch.cpp">
      <Filter>src</Filter>
    </ClCompile>
    <ClCompile Include="vendor\stb_image\stb_image.cpp">
      <Filter>vendor\stb_image</Filter>
    </ClCompile>
    <ClCompile Include="vendor\tinyobjloader\tiny_obj_loader.cpp">
      <Filter>vendor\tinyobjloader</Filter>
    </ClCompile>
  </ItemGroup>
</Project>